
Microsoft Visual Studio Solution File, Format Version 12.00
# Visual Studio Version 16
VisualStudioVersion = 16.0.30011.22
MinimumVisualStudioVersion = 10.0.40219.1
Project("{FAE04EC0-301F-11D3-BF4B-00C04F79EFBC}") = "Aula12", "Aula12\Aula12.csproj", "{5BE3CD8A-A9A1-4212-AE6A-83BDAD110C79}"
EndProject
Global
	GlobalSection(SolutionConfigurationPlatforms) = preSolution
		Debug|Any CPU = Debug|Any CPU
		Release|Any CPU = Release|Any CPU
	EndGlobalSection
	GlobalSection(ProjectConfigurationPlatforms) = postSolution
		{5BE3CD8A-A9A1-4212-AE6A-83BDAD110C79}.Debug|Any CPU.ActiveCfg = Debug|Any CPU
		{5BE3CD8A-A9A1-4212-AE6A-83BDAD110C79}.Debug|Any CPU.Build.0 = Debug|Any CPU
		{5BE3CD8A-A9A1-4212-AE6A-83BDAD110C79}.Release|Any CPU.ActiveCfg = Release|Any CPU
		{5BE3CD8A-A9A1-4212-AE6A-83BDAD110C79}.Release|Any CPU.Build.0 = Release|Any CPU
	EndGlobalSection
	GlobalSection(SolutionProperties) = preSolution
		HideSolutionNode = FALSE
	EndGlobalSection
	GlobalSection(ExtensibilityGlobals) = postSolution
		SolutionGuid = {5015CC67-D62F-48DF-B2EA-D9EFCD163541}
	EndGlobalSection
EndGlobal
